
Microsoft Visual Studio Solution File, Format Version 12.00
# Visual Studio Version 16
VisualStudioVersion = 16.0.30907.101
MinimumVisualStudioVersion = 10.0.40219.1
Project("{9A19103F-16F7-4668-BE54-9A1E7A4F7556}") = "KampIntro", "KampIntro\KampIntro.csproj", "{17BD08D1-9D1B-4398-803C-6459CB4C2811}"
EndProject
Project("{9A19103F-16F7-4668-BE54-9A1E7A4F7556}") = "Donguler", "Donguler\Donguler.csproj", "{FE71E325-F923-4D5B-8AAF-68DBFEF39B50}"
EndProject
Project("{9A19103F-16F7-4668-BE54-9A1E7A4F7556}") = "ClassIntro", "ClassIntro\ClassIntro.csproj", "{1362666A-D803-40A3-95E6-F51A24139B86}"
EndProject
Project("{9A19103F-16F7-4668-BE54-9A1E7A4F7556}") = "odev", "odev\odev.csproj", "{315EC5E3-3356-4BFD-8144-AA96CE476030}"
EndProject
Project("{9A19103F-16F7-4668-BE54-9A1E7A4F7556}") = "Metotlar", "Metotlar\Metotlar.csproj", "{1E78C800-9218-48A3-B9A5-303733FD12E3}"
EndProject
Project("{9A19103F-16F7-4668-BE54-9A1E7A4F7556}") = "Matematik", "Matematik\Matematik.csproj", "{5BAC3938-A2A7-4CA0-9246-B359CC330B8F}"
EndProject
Project("{9A19103F-16F7-4668-BE54-9A1E7A4F7556}") = "DegerVeReferansTipler", "DegerVeReferansTipler\DegerVeReferansTipler.csproj", "{B657368D-3133-4053-9EF4-5EE0C0A97818}"
EndProject
Project("{9A19103F-16F7-4668-BE54-9A1E7A4F7556}") = "OOP1", "OOP1\OOP1.csproj", "{10379577-A2FB-46AF-BE68-6D9792FFF6F2}"
EndProject
Project("{9A19103F-16F7-4668-BE54-9A1E7A4F7556}") = "Koleksiyonlar", "Koleksiyonlar\Koleksiyonlar.csproj", "{9DF75E2E-3AFC-4600-8667-CEDD5ED60C11}"
EndProject
Project("{9A19103F-16F7-4668-BE54-9A1E7A4F7556}") = "GenericsIntro", "GenericsIntro\GenericsIntro.csproj", "{50A74B5F-4163-4353-A187-DA5D7A343C79}"
EndProject
Project("{9A19103F-16F7-4668-BE54-9A1E7A4F7556}") = "ReferenceTypes", "ReferenceTypes\ReferenceTypes.csproj", "{AD8256E1-774C-42B8-8697-A2CB90E3BCB9}"
EndProject
Project("{9A19103F-16F7-4668-BE54-9A1E7A4F7556}") = "Cunstructors", "Cunstructors\Cunstructors.csproj", "{B970070B-8534-4A42-8479-53638AA5EE36}"
EndProject
Project("{9A19103F-16F7-4668-BE54-9A1E7A4F7556}") = "Generics", "Generics\Generics.csproj", "{753B7B1B-4043-4E9A-85B7-AD4611C2AD36}"
EndProject
Project("{9A19103F-16F7-4668-BE54-9A1E7A4F7556}") = "Oop2", "Oop2\Oop2.csproj", "{B3E2CA3C-BFBE-4A12-9034-7A5B4FB6B398}"
EndProject
Project("{9A19103F-16F7-4668-BE54-9A1E7A4F7556}") = "OOP3", "OOP3\OOP3.csproj", "{0151C64B-6E2D-4E92-9AC7-ACCD3F22ED11}"
EndProject
Project("{FAE04EC0-301F-11D3-BF4B-00C04F79EFBC}") = "MyDictionary", "MyDictionary\MyDictionary.csproj", "{64C7E4A4-A713-401A-BBA9-3A9BC7637FD0}"
EndProject
Global
	GlobalSection(SolutionConfigurationPlatforms) = preSolution
		Debug|Any CPU = Debug|Any CPU
		Release|Any CPU = Release|Any CPU
	EndGlobalSection
	GlobalSection(ProjectConfigurationPlatforms) = postSolution
		{17BD08D1-9D1B-4398-803C-6459CB4C2811}.Debug|Any CPU.ActiveCfg = Debug|Any CPU
		{17BD08D1-9D1B-4398-803C-6459CB4C2811}.Debug|Any CPU.Build.0 = Debug|Any CPU
		{17BD08D1-9D1B-4398-803C-6459CB4C2811}.Release|Any CPU.ActiveCfg = Release|Any CPU
		{17BD08D1-9D1B-4398-803C-6459CB4C2811}.Release|Any CPU.Build.0 = Release|Any CPU
		{FE71E325-F923-4D5B-8AAF-68DBFEF39B50}.Debug|Any CPU.ActiveCfg = Debug|Any CPU
		{FE71E325-F923-4D5B-8AAF-68DBFEF39B50}.Debug|Any CPU.Build.0 = Debug|Any CPU
		{FE71E325-F923-4D5B-8AAF-68DBFEF39B50}.Release|Any CPU.ActiveCfg = Release|Any CPU
		{FE71E325-F923-4D5B-8AAF-68DBFEF39B50}.Release|Any CPU.Build.0 = Release|Any CPU
		{1362666A-D803-40A3-95E6-F51A24139B86}.Debug|Any CPU.ActiveCfg = Debug|Any CPU
		{1362666A-D803-40A3-95E6-F51A24139B86}.Debug|Any CPU.Build.0 = Debug|Any CPU
		{1362666A-D803-40A3-95E6-F51A24139B86}.Release|Any CPU.ActiveCfg = Release|Any CPU
		{1362666A-D803-40A3-95E6-F51A24139B86}.Release|Any CPU.Build.0 = Release|Any CPU
		{315EC5E3-3356-4BFD-8144-AA96CE476030}.Debug|Any CPU.ActiveCfg = Debug|Any CPU
		{315EC5E3-3356-4BFD-8144-AA96CE476030}.Debug|Any CPU.Build.0 = Debug|Any CPU
		{315EC5E3-3356-4BFD-8144-AA96CE476030}.Release|Any CPU.ActiveCfg = Release|Any CPU
		{315EC5E3-3356-4BFD-8144-AA96CE476030}.Release|Any CPU.Build.0 = Release|Any CPU
		{1E78C800-9218-48A3-B9A5-303733FD12E3}.Debug|Any CPU.ActiveCfg = Debug|Any CPU
		{1E78C800-9218-48A3-B9A5-303733FD12E3}.Debug|Any CPU.Build.0 = Debug|Any CPU
		{1E78C800-9218-48A3-B9A5-303733FD12E3}.Release|Any CPU.ActiveCfg = Release|Any CPU
		{1E78C800-9218-48A3-B9A5-303733FD12E3}.Release|Any CPU.Build.0 = Release|Any CPU
		{5BAC3938-A2A7-4CA0-9246-B359CC330B8F}.Debug|Any CPU.ActiveCfg = Debug|Any CPU
		{5BAC3938-A2A7-4CA0-9246-B359CC330B8F}.Debug|Any CPU.Build.0 = Debug|Any CPU
		{5BAC3938-A2A7-4CA0-9246-B359CC330B8F}.Release|Any CPU.ActiveCfg = Release|Any CPU
		{5BAC3938-A2A7-4CA0-9246-B359CC330B8F}.Release|Any CPU.Build.0 = Release|Any CPU
		{B657368D-3133-4053-9EF4-5EE0C0A97818}.Debug|Any CPU.ActiveCfg = Debug|Any CPU
		{B657368D-3133-4053-9EF4-5EE0C0A97818}.Debug|Any CPU.Build.0 = Debug|Any CPU
		{B657368D-3133-4053-9EF4-5EE0C0A97818}.Release|Any CPU.ActiveCfg = Release|Any CPU
		{B657368D-3133-4053-9EF4-5EE0C0A97818}.Release|Any CPU.Build.0 = Release|Any CPU
		{10379577-A2FB-46AF-BE68-6D9792FFF6F2}.Debug|Any CPU.ActiveCfg = Debug|Any CPU
		{10379577-A2FB-46AF-BE68-6D9792FFF6F2}.Debug|Any CPU.Build.0 = Debug|Any CPU
		{10379577-A2FB-46AF-BE68-6D9792FFF6F2}.Release|Any CPU.ActiveCfg = Release|Any CPU
		{10379577-A2FB-46AF-BE68-6D9792FFF6F2}.Release|Any CPU.Build.0 = Release|Any CPU
		{9DF75E2E-3AFC-4600-8667-CEDD5ED60C11}.Debug|Any CPU.ActiveCfg = Debug|Any CPU
		{9DF75E2E-3AFC-4600-8667-CEDD5ED60C11}.Debug|Any CPU.Build.0 = Debug|Any CPU
		{9DF75E2E-3AFC-4600-8667-CEDD5ED60C11}.Release|Any CPU.ActiveCfg = Release|Any CPU
		{9DF75E2E-3AFC-4600-8667-CEDD5ED60C11}.Release|Any CPU.Build.0 = Release|Any CPU
		{50A74B5F-4163-4353-A187-DA5D7A343C79}.Debug|Any CPU.ActiveCfg = Debug|Any CPU
		{50A74B5F-4163-4353-A187-DA5D7A343C79}.Debug|Any CPU.Build.0 = Debug|Any CPU
		{50A74B5F-4163-4353-A187-DA5D7A343C79}.Release|Any CPU.ActiveCfg = Release|Any CPU
		{50A74B5F-4163-4353-A187-DA5D7A343C79}.Release|Any CPU.Build.0 = Release|Any CPU
		{AD8256E1-774C-42B8-8697-A2CB90E3BCB9}.Debug|Any CPU.ActiveCfg = Debug|Any CPU
		{AD8256E1-774C-42B8-8697-A2CB90E3BCB9}.Debug|Any CPU.Build.0 = Debug|Any CPU
		{AD8256E1-774C-42B8-8697-A2CB90E3BCB9}.Release|Any CPU.ActiveCfg = Release|Any CPU
		{AD8256E1-774C-42B8-8697-A2CB90E3BCB9}.Release|Any CPU.Build.0 = Release|Any CPU
		{B970070B-8534-4A42-8479-53638AA5EE36}.Debug|Any CPU.ActiveCfg = Debug|Any CPU
		{B970070B-8534-4A42-8479-53638AA5EE36}.Debug|Any CPU.Build.0 = Debug|Any CPU
		{B970070B-8534-4A42-8479-53638AA5EE36}.Release|Any CPU.ActiveCfg = Release|Any CPU
		{B970070B-8534-4A42-8479-53638AA5EE36}.Release|Any CPU.Build.0 = Release|Any CPU
		{753B7B1B-4043-4E9A-85B7-AD4611C2AD36}.Debug|Any CPU.ActiveCfg = Debug|Any CPU
		{753B7B1B-4043-4E9A-85B7-AD4611C2AD36}.Debug|Any CPU.Build.0 = Debug|Any CPU
		{753B7B1B-4043-4E9A-85B7-AD4611C2AD36}.Release|Any CPU.ActiveCfg = Release|Any CPU
		{753B7B1B-4043-4E9A-85B7-AD4611C2AD36}.Release|Any CPU.Build.0 = Release|Any CPU
		{B3E2CA3C-BFBE-4A12-9034-7A5B4FB6B398}.Debug|Any CPU.ActiveCfg = Debug|Any CPU
		{B3E2CA3C-BFBE-4A12-9034-7A5B4FB6B398}.Debug|Any CPU.Build.0 = Debug|Any CPU
		{B3E2CA3C-BFBE-4A12-9034-7A5B4FB6B398}.Release|Any CPU.ActiveCfg = Release|Any CPU
		{B3E2CA3C-BFBE-4A12-9034-7A5B4FB6B398}.Release|Any CPU.Build.0 = Release|Any CPU
		{0151C64B-6E2D-4E92-9AC7-ACCD3F22ED11}.Debug|Any CPU.ActiveCfg = Debug|Any CPU
		{0151C64B-6E2D-4E92-9AC7-ACCD3F22ED11}.Debug|Any CPU.Build.0 = Debug|Any CPU
		{0151C64B-6E2D-4E92-9AC7-ACCD3F22ED11}.Release|Any CPU.ActiveCfg = Release|Any CPU
		{0151C64B-6E2D-4E92-9AC7-ACCD3F22ED11}.Release|Any CPU.Build.0 = Release|Any CPU
		{64C7E4A4-A713-401A-BBA9-3A9BC7637FD0}.Debug|Any CPU.ActiveCfg = Debug|Any CPU
		{64C7E4A4-A713-401A-BBA9-3A9BC7637FD0}.Debug|Any CPU.Build.0 = Debug|Any CPU
		{64C7E4A4-A713-401A-BBA9-3A9BC7637FD0}.Release|Any CPU.ActiveCfg = Release|Any CPU
		{64C7E4A4-A713-401A-BBA9-3A9BC7637FD0}.Release|Any CPU.Build.0 = Release|Any CPU
	EndGlobalSection
	GlobalSection(SolutionProperties) = preSolution
		HideSolutionNode = FALSE
	EndGlobalSection
	GlobalSection(ExtensibilityGlobals) = postSolution
		SolutionGuid = {EDEAEE49-AD64-4D43-9EEE-594CE31A697F}
	EndGlobalSection
EndGlobal
